GEM
  remote: https://rubygems.org/
  specs:
    drb (2.2.3)
    lz4-ruby (0.3.3)
    minitest (6.0.6)
      drb (~> 2.0)
      prism (~> 1.5)
    prism (1.9.0)
    ruby-progressbar (1.13.0)
    zstd-ruby (2.0.6)

PLATFORMS
  x64-mingw-ucrt

DEPENDENCIES
  lz4-ruby
  minitest
  ruby-progressbar
  zstd-ruby

CHECKSUMS
  bundler (4.0.13) sha256=19f08be7f27022cf0b89f27da0b044ae075e8270a9ef44ad248a932614e1ca3b
  drb (2.2.3) sha256=0b00d6fdb50995fe4a45dea13663493c841112e4068656854646f418fda13373
  lz4-ruby (0.3.3) sha256=011be5ee230cfddc8308d4e2e0b05300c7bc755a887de799377ca6c5b6aede89
  minitest (6.0.6) sha256=153ea36d1d987a62942382b61075745042a2b3123b1cd48f4c3675af9cc7d6f1
  prism (1.9.0) sha256=7b530c6a9f92c24300014919c9dcbc055bf4cdf51ec30aed099b06cd6674ef85
  ruby-progressbar (1.13.0) sha256=80fc9c47a9b640d6834e0dc7b3c94c9df37f08cb072b7761e4a71e22cff29b33
  zstd-ruby (2.0.6) sha256=4d57faa75a11ed5db551fb8befe5bb508046518be1898a91a5d9ddf782f146de

BUNDLED WITH
  4.0.13
